// !$*UTF8*$!
{
	archiveVersion = 1;
	classes = {
	};
	objectVersion = 50;
	objects = {

/* Begin PBXBuildFile section */
		0356F3CC22B4BA990040F049 /* AppDelegate.swift in Sources */ = {isa = PBXBuildFile; fileRef = 0356F3CB22B4BA990040F049 /* AppDelegate.swift */; };
		0356F3CE22B4BA990040F049 /* ViewController.swift in Sources */ = {isa = PBXBuildFile; fileRef = 0356F3CD22B4BA990040F049 /* ViewController.swift */; };
		0356F3D122B4BA990040F049 /* Main.storyboard in Resources */ = {isa = PBXBuildFile; fileRef = 0356F3CF22B4BA990040F049 /* Main.storyboard */; };
		0356F3D322B4BA9C0040F049 /* Assets.xcassets in Resources */ = {isa = PBXBuildFile; fileRef = 0356F3D222B4BA9C0040F049 /* Assets.xcassets */; };
		0356F3D622B4BA9C0040F049 /* LaunchScreen.storyboard in Resources */ = {isa = PBXBuildFile; fileRef = 0356F3D422B4BA9C0040F049 /* LaunchScreen.storyboard */; };
		0356F3E122B4BA9C0040F049 /* controllerprTests.swift in Sources */ = {isa = PBXBuildFile; fileRef = 0356F3E022B4BA9C0040F049 /* controllerprTests.swift */; };
		0356F3EF22B4F0180040F049 /* CustomView.swift in Sources */ = {isa = PBXBuildFile; fileRef = 0356F3EE22B4F0180040F049 /* CustomView.swift */; };
		0356F3F122B4F41F0040F049 /* Movie.swift in Sources */ = {isa = PBXBuildFile; fileRef = 0356F3F022B4F41F0040F049 /* Movie.swift */; };
		0356F3F422B4F5A10040F049 /* incredibles.swift in Sources */ = {isa = PBXBuildFile; fileRef = 0356F3F322B4F5A10040F049 /* incredibles.swift */; };
/* End PBXBuildFile section */

/* Begin PBXContainerItemProxy section */
		0356F3DD22B4BA9C0040F049 /* PBXContainerItemProxy */ = {
			isa = PBXContainerItemProxy;
			containerPortal = 0356F3C022B4BA990040F049 /* Project object */;
			proxyType = 1;
			remoteGlobalIDString = 0356F3C722B4BA990040F049;
			remoteInfo = controllerpr;
		};
/* End PBXContainerItemProxy section */

/* Begin PBXFileReference section */
		0356F3C822B4BA990040F049 /* controllerpr.app */ = {isa = PBXFileReference; explicitFileType = wrapper.application; includeInIndex = 0; path = controllerpr.app; sourceTree = BUILT_PRODUCTS_DIR; };
		0356F3CB22B4BA990040F049 /* AppDelegate.swift */ = {isa = PBXFileReference; lastKnownFileType = sourcecode.swift; path = AppDelegate.swift; sourceTree = "<group>"; };
		0356F3CD22B4BA990040F049 /* ViewController.swift */ = {isa = PBXFileReference; lastKnownFileType = sourcecode.swift; path = ViewController.swift; sourceTree = "<group>"; };
		0356F3D022B4BA990040F049 /* Base */ = {isa = PBXFileReference; lastKnownFileType = file.storyboard; name = Base; path = Base.lproj/Main.storyboard; sourceTree = "<group>"; };
		0356F3D222B4BA9C0040F049 /* Assets.xcassets */ = {isa = PBXFileReference; lastKnownFileType = folder.assetcatalog; path = Assets.xcassets; sourceTree = "<group>"; };
		0356F3D522B4BA9C0040F049 /* Base */ = {isa = PBXFileReference; lastKnownFileType = file.storyboard; name = Base; path = Base.lproj/LaunchScreen.storyboard; sourceTree = "<group>"; };
		0356F3D722B4BA9C0040F049 /* Info.plist */ = {isa = PBXFileReference; lastKnownFileType = text.plist.xml; path = Info.plist; sourceTree = "<group>"; };
		0356F3DC22B4BA9C0040F049 /* controllerprTests.xctest */ = {isa = PBXFileReference; explicitFileType = wrapper.cfbundle; includeInIndex = 0; path = controllerprTests.xctest; sourceTree = BUILT_PRODUCTS_DIR; };
		0356F3E022B4BA9C0040F049 /* controllerprTests.swift */ = {isa = PBXFileReference; lastKnownFileType = sourcecode.swift; path = controllerprTests.swift; sourceTree = "<group>"; };
		0356F3E222B4BA9C0040F049 /* Info.plist */ = {isa = PBXFileReference; lastKnownFileType = text.plist.xml; path = Info.plist; sourceTree = "<group>"; };
		0356F3EE22B4F0180040F049 /* CustomView.swift */ = {isa = PBXFileReference; lastKnownFileType = sourcecode.swift; path = CustomView.swift; sourceTree = "<group>"; };
		0356F3F022B4F41F0040F049 /* Movie.swift */ = {isa = PBXFileReference; lastKnownFileType = sourcecode.swift; path = Movie.swift; sourceTree = "<group>"; };
		0356F3F322B4F5A10040F049 /* incredibles.swift */ = {isa = PBXFileReference; lastKnownFileType = sourcecode.swift; path = incredibles.swift; sourceTree = "<group>"; };
/* End PBXFileReference section */

/* Begin PBXFrameworksBuildPhase section */
		0356F3C522B4BA990040F049 /* Frameworks */ = {
			isa = PBXFrameworksBuildPhase;
			buildActionMask = 2147483647;
			files = (
			);
			runOnlyForDeploymentPostprocessing = 0;
		};
		0356F3D922B4BA9C0040F049 /* Frameworks */ = {
			isa = PBXFrameworksBuildPhase;
			buildActionMask = 2147483647;
			files = (
			);
			runOnlyForDeploymentPostprocessing = 0;
		};
/* End PBXFrameworksBuildPhase section */

/* Begin PBXGroup section */
		0356F3BF22B4BA990040F049 = {
			isa = PBXGroup;
			children = (
				0356F3CA22B4BA990040F049 /* controllerpr */,
				0356F3DF22B4BA9C0040F049 /* controllerprTests */,
				0356F3C922B4BA990040F049 /* Products */,
			);
			sourceTree = "<group>";
		};
		0356F3C922B4BA990040F049 /* Products */ = {
			isa = PBXGroup;
			children = (
				0356F3C822B4BA990040F049 /* controllerpr.app */,
				0356F3DC22B4BA9C0040F049 /* controllerprTests.xctest */,
			);
			name = Products;
			sourceTree = "<group>";
		};
		0356F3CA22B4BA990040F049 /* controllerpr */ = {
			isa = PBXGroup;
			children = (
				0356F3F222B4F5840040F049 /* Helpers */,
				0356F3CD22B4BA990040F049 /* ViewController.swift */,
				0356F3ED22B4BAFF0040F049 /* Controller */,
				0356F3EC22B4BAEF0040F049 /* View */,
				0356F3EB22B4BADE0040F049 /* Model */,
				0356F3CB22B4BA990040F049 /* AppDelegate.swift */,
				0356F3CF22B4BA990040F049 /* Main.storyboard */,
				0356F3D222B4BA9C0040F049 /* Assets.xcassets */,
				0356F3D422B4BA9C0040F049 /* LaunchScreen.storyboard */,
				0356F3D722B4BA9C0040F049 /* Info.plist */,
			);
			path = controllerpr;
			sourceTree = "<group>";
		};
		0356F3DF22B4BA9C0040F049 /* controllerprTests */ = {
			isa = PBXGroup;
			children = (
				0356F3E022B4BA9C0040F049 /* controllerprTests.swift */,
				0356F3E222B4BA9C0040F049 /* Info.plist */,
			);
			path = controllerprTests;
			sourceTree = "<group>";
		};
		0356F3EB22B4BADE0040F049 /* Model */ = {
			isa = PBXGroup;
			children = (
				0356F3F022B4F41F0040F049 /* Movie.swift */,
			);
			path = Model;
			sourceTree = "<group>";
		};
		0356F3EC22B4BAEF0040F049 /* View */ = {
			isa = PBXGroup;
			children = (
				0356F3EE22B4F0180040F049 /* CustomView.swift */,
			);
			path = View;
			sourceTree = "<group>";
		};
		0356F3ED22B4BAFF0040F049 /* Controller */ = {
			isa = PBXGroup;
			children = (
			);
			path = Controller;
			sourceTree = "<group>";
		};
		0356F3F222B4F5840040F049 /* Helpers */ = {
			isa = PBXGroup;
			children = (
				0356F3F322B4F5A10040F049 /* incredibles.swift */,
			);
			path = Helpers;
			sourceTree = "<group>";
		};
/* End PBXGroup section */

/* Begin PBXNativeTarget section */
		0356F3C722B4BA990040F049 /* controllerpr */ = {
			isa = PBXNativeTarget;
			buildConfigurationList = 0356F3E522B4BA9C0040F049 /* Build configuration list for PBXNativeTarget "controllerpr" */;
			buildPhases = (
				0356F3C422B4BA990040F049 /* Sources */,
				0356F3C522B4BA990040F049 /* Frameworks */,
				0356F3C622B4BA990040F049 /* Resources */,
			);
			buildRules = (
			);
			dependencies = (
			);
			name = controllerpr;
			productName = controllerpr;
			productReference = 0356F3C822B4BA990040F049 /* controllerpr.app */;
			productType = "com.apple.product-type.application";
		};
		0356F3DB22B4BA9C0040F049 /* controllerprTests */ = {
			isa = PBXNativeTarget;
			buildConfigurationList = 0356F3E822B4BA9C0040F049 /* Build configuration list for PBXNativeTarget "controllerprTests" */;
			buildPhases = (
				0356F3D822B4BA9C0040F049 /* Sources */,
				0356F3D922B4BA9C0040F049 /* Frameworks */,
				0356F3DA22B4BA9C0040F049 /* Resources */,
			);
			buildRules = (
			);
			dependencies = (
				0356F3DE22B4BA9C0040F049 /* PBXTargetDependency */,
			);
			name = controllerprTests;
			productName = controllerprTests;
			productReference = 0356F3DC22B4BA9C0040F049 /* controllerprTests.xctest */;
			productType = "com.apple.product-type.bundle.unit-test";
		};
/* End PBXNativeTarget section */

/* Begin PBXProject section */
		0356F3C022B4BA990040F049 /* Project object */ = {
			isa = PBXProject;
			attributes = {
				LastSwiftUpdateCheck = 1020;
				LastUpgradeCheck = 1020;
				ORGANIZATIONNAME = "山本裕太";
				TargetAttributes = {
					0356F3C722B4BA990040F049 = {
						CreatedOnToolsVersion = 10.2.1;
					};
					0356F3DB22B4BA9C0040F049 = {
						CreatedOnToolsVersion = 10.2.1;
						TestTargetID = 0356F3C722B4BA990040F049;
					};
				};
			};
			buildConfigurationList = 0356F3C322B4BA990040F049 /* Build configuration list for PBXProject "controllerpr" */;
			compatibilityVersion = "Xcode 9.3";
			developmentRegion = en;
			hasScannedForEncodings = 0;
			knownRegions = (
				en,
				Base,
			);
			mainGroup = 0356F3BF22B4BA990040F049;
			productRefGroup = 0356F3C922B4BA990040F049 /* Products */;
			projectDirPath = "";
			projectRoot = "";
			targets = (
				0356F3C722B4BA990040F049 /* controllerpr */,
				0356F3DB22B4BA9C0040F049 /* controllerprTests */,
			);
		};
/* End PBXProject section */

/* Begin PBXResourcesBuildPhase section */
		0356F3C622B4BA990040F049 /* Resources */ = {
			isa = PBXResourcesBuildPhase;
			buildActionMask = 2147483647;
			files = (
				0356F3D622B4BA9C0040F049 /* LaunchScreen.storyboard in Resources */,
				0356F3D322B4BA9C0040F049 /* Assets.xcassets in Resources */,
				0356F3D122B4BA990040F049 /* Main.storyboard in Resources */,
			);
			runOnlyForDeploymentPostprocessing = 0;
		};
		0356F3DA22B4BA9C0040F049 /* Resources */ = {
			isa = PBXResourcesBuildPhase;
			buildActionMask = 2147483647;
			files = (
			);
			runOnlyForDeploymentPostprocessing = 0;
		};
/* End PBXResourcesBuildPhase section */

/* Begin PBXSourcesBuildPhase section */
		0356F3C422B4BA990040F049 /* Sources */ = {
			isa = PBXSourcesBuildPhase;
			buildActionMask = 2147483647;
			files = (
				0356F3EF22B4F0180040F049 /* CustomView.swift in Sources */,
				0356F3CE22B4BA990040F049 /* ViewController.swift in Sources */,
				0356F3F422B4F5A10040F049 /* incredibles.swift in Sources */,
				0356F3F122B4F41F0040F049 /* Movie.swift in Sources */,
				0356F3CC22B4BA990040F049 /* AppDelegate.swift in Sources */,
			);
			runOnlyForDeploymentPostprocessing = 0;
		};
		0356F3D822B4BA9C0040F049 /* Sources */ = {
			isa = PBXSourcesBuildPhase;
			buildActionMask = 2147483647;
			files = (
				0356F3E122B4BA9C0040F049 /* controllerprTests.swift in Sources */,
			);
			runOnlyForDeploymentPostprocessing = 0;
		};
/* End PBXSourcesBuildPhase section */

/* Begin PBXTargetDependency section */
		0356F3DE22B4BA9C0040F049 /* PBXTargetDependency */ = {
			isa = PBXTargetDependency;
			target = 0356F3C722B4BA990040F049 /* controllerpr */;
			targetProxy = 0356F3DD22B4BA9C0040F049 /* PBXContainerItemProxy */;
		};
/* End PBXTargetDependency section */

/* Begin PBXVariantGroup section */
		0356F3CF22B4BA990040F049 /* Main.storyboard */ = {
			isa = PBXVariantGroup;
			children = (
				0356F3D022B4BA990040F049 /* Base */,
			);
			name = Main.storyboard;
			sourceTree = "<group>";
		};
		0356F3D422B4BA9C0040F049 /* LaunchScreen.storyboard */ = {
			isa = PBXVariantGroup;
			children = (
				0356F3D522B4BA9C0040F049 /* Base */,
			);
			name = LaunchScreen.storyboard;
			sourceTree = "<group>";
		};
/* End PBXVariantGroup section */

/* Begin XCBuildConfiguration section */
		0356F3E322B4BA9C0040F049 /* Debug */ = {
			isa = XCBuildConfiguration;
			buildSettings = {
				ALWAYS_SEARCH_USER_PATHS = NO;
				CLANG_ANALYZER_NONNULL = YES;
				CLANG_ANALYZER_NUMBER_OBJECT_CONVERSION = YES_AGGRESSIVE;
				CLANG_CXX_LANGUAGE_STANDARD = "gnu++14";
				CLANG_CXX_LIBRARY = "libc++";
				CLANG_ENABLE_MODULES = YES;
				CLANG_ENABLE_OBJC_ARC = YES;
				CLANG_ENABLE_OBJC_WEAK = YES;
				CLANG_WARN_BLOCK_CAPTURE_AUTORELEASING = YES;
				CLANG_WARN_BOOL_CONVERSION = YES;
				CLANG_WARN_COMMA = YES;
				CLANG_WARN_CONSTANT_CONVERSION = YES;
				CLANG_WARN_DEPRECATED_OBJC_IMPLEMENTATIONS = YES;
				CLANG_WARN_DIRECT_OBJC_ISA_USAGE = YES_ERROR;
				CLANG_WARN_DOCUMENTATION_COMMENTS = YES;
				CLANG_WARN_EMPTY_BODY = YES;
				CLANG_WARN_ENUM_CONVERSION = YES;
				CLANG_WARN_INFINITE_RECURSION = YES;
				CLANG_WARN_INT_CONVERSION = YES;
				CLANG_WARN_NON_LITERAL_NULL_CONVERSION = YES;
				CLANG_WARN_OBJC_IMPLICIT_RETAIN_SELF = YES;
				CLANG_WARN_OBJC_LITERAL_CONVERSION = YES;
				CLANG_WARN_OBJC_ROOT_CLASS = YES_ERROR;
				CLANG_WARN_RANGE_LOOP_ANALYSIS = YES;
				CLANG_WARN_STRICT_PROTOTYPES = YES;
				CLANG_WARN_SUSPICIOUS_MOVE = YES;
				CLANG_WARN_UNGUARDED_AVAILABILITY = YES_AGGRESSIVE;
				CLANG_WARN_UNREACHABLE_CODE = YES;
				CLANG_WARN__DUPLICATE_METHOD_MATCH = YES;
				CODE_SIGN_IDENTITY = "iPhone Developer";
				COPY_PHASE_STRIP = NO;
				DEBUG_INFORMATION_FORMAT = dwarf;
				ENABLE_STRICT_OBJC_MSGSEND = YES;
				ENABLE_TESTABILITY = YES;
				GCC_C_LANGUAGE_STANDARD = gnu11;
				GCC_DYNAMIC_NO_PIC = NO;
				GCC_NO_COMMON_BLOCKS = YES;
				GCC_OPTIMIZATION_LEVEL = 0;
				GCC_PREPROCESSOR_DEFINITIONS = (
					"DEBUG=1",
					"$(inherited)",
				);
				GCC_WARN_64_TO_32_BIT_CONVERSION = YES;
				GCC_WARN_ABOUT_RETURN_TYPE = YES_ERROR;
				GCC_WARN_UNDECLARED_SELECTOR = YES;
				GCC_WARN_UNINITIALIZED_AUTOS = YES_AGGRESSIVE;
				GCC_WARN_UNUSED_FUNCTION = YES;
				GCC_WARN_UNUSED_VARIABLE = YES;
				IPHONEOS_DEPLOYMENT_TARGET = 12.2;
				MTL_ENABLE_DEBUG_INFO = INCLUDE_SOURCE;
				MTL_FAST_MATH = YES;
				ONLY_ACTIVE_ARCH = YES;
				SDKROOT = iphoneos;
				SWIFT_ACTIVE_COMPILATION_CONDITIONS = DEBUG;
				SWIFT_OPTIMIZATION_LEVEL = "-Onone";
			};
			name = Debug;
		};
		0356F3E422B4BA9C0040F049 /* Release */ = {
			isa = XCBuildConfiguration;
			buildSettings = {
				ALWAYS_SEARCH_USER_PATHS = NO;
				CLANG_ANALYZER_NONNULL = YES;
				CLANG_ANALYZER_NUMBER_OBJECT_CONVERSION = YES_AGGRESSIVE;
				CLANG_CXX_LANGUAGE_STANDARD = "gnu++14";
				CLANG_CXX_LIBRARY = "libc++";
				CLANG_ENABLE_MODULES = YES;
				CLANG_ENABLE_OBJC_ARC = YES;
				CLANG_ENABLE_OBJC_WEAK = YES;
				CLANG_WARN_BLOCK_CAPTURE_AUTORELEASING = YES;
				CLANG_WARN_BOOL_CONVERSION = YES;
				CLANG_WARN_COMMA = YES;
				CLANG_WARN_CONSTANT_CONVERSION = YES;
				CLANG_WARN_DEPRECATED_OBJC_IMPLEMENTATIONS = YES;
				CLANG_WARN_DIRECT_OBJC_ISA_USAGE = YES_ERROR;
				CLANG_WARN_DOCUMENTATION_COMMENTS = YES;
				CLANG_WARN_EMPTY_BODY = YES;
				CLANG_WARN_ENUM_CONVERSION = YES;
				CLANG_WARN_INFINITE_RECURSION = YES;
				CLANG_WARN_INT_CONVERSION = YES;
				CLANG_WARN_NON_LITERAL_NULL_CONVERSION = YES;
				CLANG_WARN_OBJC_IMPLICIT_RETAIN_SELF = YES;
				CLANG_WARN_OBJC_LITERAL_CONVERSION = YES;
				CLANG_WARN_OBJC_ROOT_CLASS = YES_ERROR;
				CLANG_WARN_RANGE_LOOP_ANALYSIS = YES;
				CLANG_WARN_STRICT_PROTOTYPES = YES;
				CLANG_WARN_SUSPICIOUS_MOVE = YES;
				CLANG_WARN_UNGUARDED_AVAILABILITY = YES_AGGRESSIVE;
				CLANG_WARN_UNREACHABLE_CODE = YES;
				CLANG_WARN__DUPLICATE_METHOD_MATCH = YES;
				CODE_SIGN_IDENTITY = "iPhone Developer";
				COPY_PHASE_STRIP = NO;
				DEBUG_INFORMATION_FORMAT = "dwarf-with-dsym";
				ENABLE_NS_ASSERTIONS = NO;
				ENABLE_STRICT_OBJC_MSGSEND = YES;
				GCC_C_LANGUAGE_STANDARD = gnu11;
				GCC_NO_COMMON_BLOCKS = YES;
				GCC_WARN_64_TO_32_BIT_CONVERSION = YES;
				GCC_WARN_ABOUT_RETURN_TYPE = YES_ERROR;
				GCC_WARN_UNDECLARED_SELECTOR = YES;
				GCC_WARN_UNINITIALIZED_AUTOS = YES_AGGRESSIVE;
				GCC_WARN_UNUSED_FUNCTION = YES;
				GCC_WARN_UNUSED_VARIABLE = YES;
				IPHONEOS_DEPLOYMENT_TARGET = 12.2;
				MTL_ENABLE_DEBUG_INFO = NO;
				MTL_FAST_MATH = YES;
				SDKROOT = iphoneos;
				SWIFT_COMPILATION_MODE = wholemodule;
				SWIFT_OPTIMIZATION_LEVEL = "-O";
				VALIDATE_PRODUCT = YES;
			};
			name = Release;
		};
		0356F3E622B4BA9C0040F049 /* Debug */ = {
			isa = XCBuildConfiguration;
			buildSettings = {
				ASSETCATALOG_COMPILER_APPICON_NAME = AppIcon;
				CODE_SIGN_STYLE = Automatic;
				DEVELOPMENT_TEAM = QJA2WU2RRL;
				INFOPLIST_FILE = controllerpr/Info.plist;
				LD_RUNPATH_SEARCH_PATHS = (
					"$(inherited)",
					"@executable_path/Frameworks",
				);
				PRODUCT_BUNDLE_IDENTIFIER = com.example.controllerpr;
				PRODUCT_NAME = "$(TARGET_NAME)";
				SWIFT_VERSION = 5.0;
				TARGETED_DEVICE_FAMILY = "1,2";
			};
			name = Debug;
		};
		0356F3E722B4BA9C0040F049 /* Release */ = {
			isa = XCBuildConfiguration;
			buildSettings = {
				ASSETCATALOG_COMPILER_APPICON_NAME = AppIcon;
				CODE_SIGN_STYLE = Automatic;
				DEVELOPMENT_TEAM = QJA2WU2RRL;
				INFOPLIST_FILE = controllerpr/Info.plist;
				LD_RUNPATH_SEARCH_PATHS = (
					"$(inherited)",
					"@executable_path/Frameworks",
				);
				PRODUCT_BUNDLE_IDENTIFIER = com.example.controllerpr;
				PRODUCT_NAME = "$(TARGET_NAME)";
				SWIFT_VERSION = 5.0;
				TARGETED_DEVICE_FAMILY = "1,2";
			};
			name = Release;
		};
		0356F3E922B4BA9C0040F049 /* Debug */ = {
			isa = XCBuildConfiguration;
			buildSettings = {
				ALWAYS_EMBED_SWIFT_STANDARD_LIBRARIES = YES;
				BUNDLE_LOADER = "$(TEST_HOST)";
				CODE_SIGN_STYLE = Automatic;
				INFOPLIST_FILE = controllerprTests/Info.plist;
				LD_RUNPATH_SEARCH_PATHS = (
					"$(inherited)",
					"@executable_path/Frameworks",
					"@loader_path/Frameworks",
				);
				PRODUCT_BUNDLE_IDENTIFIER = com.example.controllerprTests;
				PRODUCT_NAME = "$(TARGET_NAME)";
				SWIFT_VERSION = 5.0;
				TARGETED_DEVICE_FAMILY = "1,2";
				TEST_HOST = "$(BUILT_PRODUCTS_DIR)/controllerpr.app/controllerpr";
			};
			name = Debug;
		};
		0356F3EA22B4BA9C0040F049 /* Release */ = {
			isa = XCBuildConfiguration;
			buildSettings = {
				ALWAYS_EMBED_SWIFT_STANDARD_LIBRARIES = YES;
				BUNDLE_LOADER = "$(TEST_HOST)";
				CODE_SIGN_STYLE = Automatic;
				INFOPLIST_FILE = controllerprTests/Info.plist;
				LD_RUNPATH_SEARCH_PATHS = (
					"$(inherited)",
					"@executable_path/Frameworks",
					"@loader_path/Frameworks",
				);
				PRODUCT_BUNDLE_IDENTIFIER = com.example.controllerprTests;
				PRODUCT_NAME = "$(TARGET_NAME)";
				SWIFT_VERSION = 5.0;
				TARGETED_DEVICE_FAMILY = "1,2";
				TEST_HOST = "$(BUILT_PRODUCTS_DIR)/controllerpr.app/controllerpr";
			};
			name = Release;
		};
/* End XCBuildConfiguration section */

/* Begin XCConfigurationList section */
		0356F3C322B4BA990040F049 /* Build configuration list for PBXProject "controllerpr" */ = {
			isa = XCConfigurationList;
			buildConfigurations = (
				0356F3E322B4BA9C0040F049 /* Debug */,
				0356F3E422B4BA9C0040F049 /* Release */,
			);
			defaultConfigurationIsVisible = 0;
			defaultConfigurationName = Release;
		};
		0356F3E522B4BA9C0040F049 /* Build configuration list for PBXNativeTarget "controllerpr" */ = {
			isa = XCConfigurationList;
			buildConfigurations = (
				0356F3E622B4BA9C0040F049 /* Debug */,
				0356F3E722B4BA9C0040F049 /* Release */,
			);
			defaultConfigurationIsVisible = 0;
			defaultConfigurationName = Release;
		};
		0356F3E822B4BA9C0040F049 /* Build configuration list for PBXNativeTarget "controllerprTests" */ = {
			isa = XCConfigurationList;
			buildConfigurations = (
				0356F3E922B4BA9C0040F049 /* Debug */,
				0356F3EA22B4BA9C0040F049 /* Release */,
			);
			defaultConfigurationIsVisible = 0;
			defaultConfigurationName = Release;
		};
/* End XCConfigurationList section */
	};
	rootObject = 0356F3C022B4BA990040F049 /* Project object */;
}
